{
  "version": 4,
  "terraform_version": "1.14.3",
  "serial": 13,
  "lineage": "49fc86f0-d36e-61e7-42fc-fd06e9519d15",
  "outputs": {
    "ec2_public_ip": {
      "value": "13.36.171.196",
      "type": "string"
    },
    "rds_endpoint": {
      "value": "wordpress-db.cagwhg342zn4.eu-west-3.rds.amazonaws.com:3306",
      "type": "string",
      "sensitive": true
    },
    "wordpress_url": {
      "value": "http://13.36.171.196",
      "type": "string"
    }
  },
  "resources": [
    {
      "mode": "managed",
      "type": "aws_db_instance",
      "name": "wordpress",
      "provider": "provider[\"registry.terraform.io/hashicorp/aws\"]",
      "instances": [
        {
          "schema_version": 2,
          "attributes": {
            "address": "wordpress-db.cagwhg342zn4.eu-west-3.rds.amazonaws.com",
            "allocated_storage": 20,
            "allow_major_version_upgrade": null,
            "apply_immediately": false,
            "arn": "arn:aws:rds:eu-west-3:856978454440:db:wordpress-db",
            "auto_minor_version_upgrade": true,
            "availability_zone": "eu-west-3a",
            "backup_retention_period": 0,
            "backup_target": "region",
            "backup_window": "07:33-08:03",
            "blue_green_update": [],
            "ca_cert_identifier": "rds-ca-rsa2048-g1",
            "character_set_name": "",
            "copy_tags_to_snapshot": false,
            "custom_iam_instance_profile": "",
            "customer_owned_ip_enabled": false,
            "database_insights_mode": "standard",
            "db_name": "wordpress",
            "db_subnet_group_name": "wordpress-db-subnet",
            "dedicated_log_volume": false,
            "delete_automated_backups": true,
            "deletion_protection": false,
            "domain": "",
            "domain_auth_secret_arn": "",
            "domain_dns_ips": null,
            "domain_fqdn": "",
            "domain_iam_role_name": "",
            "domain_ou": "",
            "enabled_cloudwatch_logs_exports": null,
            "endpoint": "wordpress-db.cagwhg342zn4.eu-west-3.rds.amazonaws.com:3306",
            "engine": "mysql",
            "engine_lifecycle_support": "open-source-rds-extended-support",
            "engine_version": "8.0",
            "engine_version_actual": "8.0.43",
            "final_snapshot_identifier": null,
            "hosted_zone_id": "ZMESEXB7ZGGQ3",
            "iam_database_authentication_enabled": false,
            "id": "db-UQQZNIFHBEOMP2TRCJMKLFUVBA",
            "identifier": "wordpress-db",
            "identifier_prefix": "",
            "instance_class": "db.t3.micro",
            "iops": 0,
            "kms_key_id": "",
            "latest_restorable_time": "",
            "license_model": "general-public-license",
            "listener_endpoint": [],
            "maintenance_window": "wed:06:48-wed:07:18",
            "manage_master_user_password": null,
            "master_user_secret": [],
            "master_user_secret_kms_key_id": null,
            "max_allocated_storage": 0,
            "monitoring_interval": 0,
            "monitoring_role_arn": "",
            "multi_az": false,
            "nchar_character_set_name": "",
            "network_type": "IPV4",
            "option_group_name": "default:mysql-8-0",
            "parameter_group_name": "default.mysql8.0",
            "password": "WordPressSecure123!",
            "password_wo": null,
            "password_wo_version": null,
            "performance_insights_enabled": false,
            "performance_insights_kms_key_id": "",
            "performance_insights_retention_period": 0,
            "port": 3306,
            "publicly_accessible": false,
            "region": "eu-west-3",
            "replica_mode": "",
            "replicas": [],
            "replicate_source_db": "",
            "resource_id": "db-UQQZNIFHBEOMP2TRCJMKLFUVBA",
            "restore_to_point_in_time": [],
            "s3_import": [],
            "skip_final_snapshot": true,
            "snapshot_identifier": null,
            "status": "available",
            "storage_encrypted": false,
            "storage_throughput": 0,
            "storage_type": "gp2",
            "tags": {
              "Name": "wordpress-db"
            },
            "tags_all": {
              "Name": "wordpress-db"
            },
            "timeouts": null,
            "timezone": "",
            "upgrade_rollout_order": "second",
            "upgrade_storage_config": null,
            "username": "admin",
            "vpc_security_group_ids": [
              "sg-05e1c57e56c4344de"
            ]
          },
          "sensitive_attributes": [
            [
              {
                "type": "get_attr",
                "value": "password"
              }
            ],
            [
              {
                "type": "get_attr",
                "value": "password_wo"
              }
            ]
          ],
          "identity_schema_version": 0,
          "private": "eyJlMmJmYjczMC1lY2FhLTExZTYtOGY4OC0zNDM2M2JjN2M0YzAiOnsiY3JlYXRlIjozMDAwMDAwMDAwMDAwLCJkZWxldGUiOjM2MDAwMDAwMDAwMDAsInVwZGF0ZSI6NDgwMDAwMDAwMDAwMH0sInNjaGVtYV92ZXJzaW9uIjoiMiJ9",
          "dependencies": [
            "aws_db_subnet_group.wordpress",
            "aws_security_group.ec2",
            "aws_security_group.rds",
            "aws_subnet.private",
            "aws_subnet.private_2",
            "aws_vpc.main"
          ]
        }
      ]
    },
    {
      "mode": "managed",
      "type": "aws_db_subnet_group",
      "name": "wordpress",
      "provider": "provider[\"registry.terraform.io/hashicorp/aws\"]",
      "instances": [
        {
          "schema_version": 0,
          "attributes": {
            "arn": "arn:aws:rds:eu-west-3:856978454440:subgrp:wordpress-db-subnet",
            "description": "Managed by Terraform",
            "id": "wordpress-db-subnet",
            "name": "wordpress-db-subnet",
            "name_prefix": "",
            "region": "eu-west-3",
            "subnet_ids": [
              "subnet-085b77e4ad5b4619f",
              "subnet-0dcccc6ea8fe8d63f"
            ],
            "supported_network_types": [
              "IPV4"
            ],
            "tags": {
              "Name": "wordpress-db-subnet-group"
            },
            "tags_all": {
              "Name": "wordpress-db-subnet-group"
            },
            "vpc_id": "vpc-0b14984aa233d74ad"
          },
          "sensitive_attributes": [],
          "identity_schema_version": 0,
          "private": "bnVsbA==",
          "dependencies": [
            "aws_subnet.private",
            "aws_subnet.private_2",
            "aws_vpc.main"
          ]
        }
      ]
    },
    {
      "mode": "managed",
      "type": "aws_instance",
      "name": "wordpress",
      "provider": "provider[\"registry.terraform.io/hashicorp/aws\"]",
      "instances": [
        {
          "schema_version": 2,
          "attributes": {
            "ami": "ami-00ac45f3035ff009e",
            "arn": "arn:aws:ec2:eu-west-3:856978454440:instance/i-0f135a6a5da281363",
            "associate_public_ip_address": true,
            "availability_zone": "eu-west-3a",
            "capacity_reservation_specification": [
              {
                "capacity_reservation_preference": "open",
                "capacity_reservation_target": []
              }
            ],
            "cpu_options": [
              {
                "amd_sev_snp": "",
                "core_count": 1,
                "threads_per_core": 1
              }
            ],
            "credit_specification": [
              {
                "cpu_credits": "standard"
              }
            ],
            "disable_api_stop": false,
            "disable_api_termination": false,
            "ebs_block_device": [],
            "ebs_optimized": false,
            "enable_primary_ipv6": null,
            "enclave_options": [
              {
                "enabled": false
              }
            ],
            "ephemeral_block_device": [],
            "force_destroy": false,
            "get_password_data": false,
            "hibernation": false,
            "host_id": "",
            "host_resource_group_arn": null,
            "iam_instance_profile": "",
            "id": "i-0f135a6a5da281363",
            "instance_initiated_shutdown_behavior": "stop",
            "instance_lifecycle": "",
            "instance_market_options": [],
            "instance_state": "running",
            "instance_type": "t2.micro",
            "ipv6_address_count": 0,
            "ipv6_addresses": [],
            "key_name": "",
            "launch_template": [],
            "maintenance_options": [
              {
                "auto_recovery": "default"
              }
            ],
            "metadata_options": [
              {
                "http_endpoint": "enabled",
                "http_protocol_ipv6": "disabled",
                "http_put_response_hop_limit": 2,
                "http_tokens": "required",
                "instance_metadata_tags": "disabled"
              }
            ],
            "monitoring": false,
            "network_interface": [],
            "outpost_arn": "",
            "password_data": "",
            "placement_group": "",
            "placement_group_id": "",
            "placement_partition_number": 0,
            "primary_network_interface": [
              {
                "delete_on_termination": true,
                "network_interface_id": "eni-0ae061063b5b18eb8"
              }
            ],
            "primary_network_interface_id": "eni-0ae061063b5b18eb8",
            "private_dns": "ip-10-0-1-69.eu-west-3.compute.internal",
            "private_dns_name_options": [
              {
                "enable_resource_name_dns_a_record": false,
                "enable_resource_name_dns_aaaa_record": false,
                "hostname_type": "ip-name"
              }
            ],
            "private_ip": "10.0.1.69",
            "public_dns": "ec2-13-36-171-196.eu-west-3.compute.amazonaws.com",
            "public_ip": "13.36.171.196",
            "region": "eu-west-3",
            "root_block_device": [
              {
                "delete_on_termination": true,
                "device_name": "/dev/sda1",
                "encrypted": false,
                "iops": 3000,
                "kms_key_id": "",
                "tags": {},
                "tags_all": {},
                "throughput": 125,
                "volume_id": "vol-0b5aac571a651c6b9",
                "volume_size": 8,
                "volume_type": "gp3"
              }
            ],
            "secondary_private_ips": [],
            "security_groups": [],
            "source_dest_check": true,
            "spot_instance_request_id": "",
            "subnet_id": "subnet-0cded9e9570d7f98d",
            "tags": {
              "Name": "wordpress-server"
            },
            "tags_all": {
              "Name": "wordpress-server"
            },
            "tenancy": "default",
            "timeouts": null,
            "user_data": "#!/bin/bash\n# Installation automatique de WordPress\n\n# Mise à jour du système\nyum update -y\n\n# Installation Apache, PHP, MySQL client\nyum install -y httpd php php-mysqlnd wget\n\n# Installer WordPress\ncd /var/www/html\nwget https://wordpress.org/latest.tar.gz\ntar -xzf latest.tar.gz\nmv wordpress/* .\nrm -rf wordpress latest.tar.gz\n\n# Configurer wp-config.php\ncp wp-config-sample.php wp-config.php\nsed -i \"s/database_name_here/wordpress/g\" wp-config.php\nsed -i \"s/username_here/admin/g\" wp-config.php\nsed -i \"s/password_here/WordPressSecure123!/g\" wp-config.php\nsed -i \"s/localhost/wordpress-db.cagwhg342zn4.eu-west-3.rds.amazonaws.com:3306/g\" wp-config.php\n\n# Permissions\nchown -R apache:apache /var/www/html\nchmod -R 755 /var/www/html\n\n# Démarrer Apache\nsystemctl start httpd\nsystemctl enable httpd\n",
            "user_data_base64": null,
            "user_data_replace_on_change": false,
            "volume_tags": null,
            "vpc_security_group_ids": [
              "sg-0bfe2e1a34b05e396"
            ]
          },
          "sensitive_attributes": [
            [
              {
                "type": "get_attr",
                "value": "user_data"
              }
            ]
          ],
          "identity_schema_version": 0,
          "identity": {
            "account_id": "856978454440",
            "id": "i-0f135a6a5da281363",
            "region": "eu-west-3"
          },
          "private": "eyJlMmJmYjczMC1lY2FhLTExZTYtOGY4OC0zNDM2M2JjN2M0YzAiOnsiY3JlYXRlIjo2MDAwMDAwMDAwMDAsImRlbGV0ZSI6MTIwMDAwMDAwMDAwMCwicmVhZCI6OTAwMDAwMDAwMDAwLCJ1cGRhdGUiOjYwMDAwMDAwMDAwMH0sInNjaGVtYV92ZXJzaW9uIjoiMiJ9",
          "dependencies": [
            "aws_db_instance.wordpress",
            "aws_db_subnet_group.wordpress",
            "aws_security_group.ec2",
            "aws_security_group.rds",
            "aws_subnet.private",
            "aws_subnet.private_2",
            "aws_subnet.public",
            "aws_vpc.main"
          ]
        }
      ]
    },
    {
      "mode": "managed",
      "type": "aws_internet_gateway",
      "name": "main",
      "provider": "provider[\"registry.terraform.io/hashicorp/aws\"]",
      "instances": [
        {
          "schema_version": 0,
          "attributes": {
            "arn": "arn:aws:ec2:eu-west-3:856978454440:internet-gateway/igw-006e1465879cb18fc",
            "id": "igw-006e1465879cb18fc",
            "owner_id": "856978454440",
            "region": "eu-west-3",
            "tags": {
              "Name": "wordpress-igw"
            },
            "tags_all": {
              "Name": "wordpress-igw"
            },
            "timeouts": null,
            "vpc_id": "vpc-0b14984aa233d74ad"
          },
          "sensitive_attributes": [],
          "identity_schema_version": 0,
          "private": "eyJlMmJmYjczMC1lY2FhLTExZTYtOGY4OC0zNDM2M2JjN2M0YzAiOnsiY3JlYXRlIjoxMjAwMDAwMDAwMDAwLCJkZWxldGUiOjEyMDAwMDAwMDAwMDAsInVwZGF0ZSI6MTIwMDAwMDAwMDAwMH19",
          "dependencies": [
            "aws_vpc.main"
          ]
        }
      ]
    },
    {
      "mode": "managed",
      "type": "aws_route_table",
      "name": "public",
      "provider": "provider[\"registry.terraform.io/hashicorp/aws\"]",
      "instances": [
        {
          "schema_version": 0,
          "attributes": {
            "arn": "arn:aws:ec2:eu-west-3:856978454440:route-table/rtb-0f6613e873ce405be",
            "id": "rtb-0f6613e873ce405be",
            "owner_id": "856978454440",
            "propagating_vgws": [],
            "region": "eu-west-3",
            "route": [
              {
                "carrier_gateway_id": "",
                "cidr_block": "0.0.0.0/0",
                "core_network_arn": "",
                "destination_prefix_list_id": "",
                "egress_only_gateway_id": "",
                "gateway_id": "igw-006e1465879cb18fc",
                "ipv6_cidr_block": "",
                "local_gateway_id": "",
                "nat_gateway_id": "",
                "network_interface_id": "",
                "transit_gateway_id": "",
                "vpc_endpoint_id": "",
                "vpc_peering_connection_id": ""
              }
            ],
            "tags": {
              "Name": "wordpress-public-rt"
            },
            "tags_all": {
              "Name": "wordpress-public-rt"
            },
            "timeouts": null,
            "vpc_id": "vpc-0b14984aa233d74ad"
          },
          "sensitive_attributes": [],
          "identity_schema_version": 0,
          "identity": {
            "account_id": "856978454440",
            "id": "rtb-0f6613e873ce405be",
            "region": "eu-west-3"
          },
          "private": "eyJlMmJmYjczMC1lY2FhLTExZTYtOGY4OC0zNDM2M2JjN2M0YzAiOnsiY3JlYXRlIjozMDAwMDAwMDAwMDAsImRlbGV0ZSI6MzAwMDAwMDAwMDAwLCJ1cGRhdGUiOjEyMDAwMDAwMDAwMH19",
          "dependencies": [
            "aws_internet_gateway.main",
            "aws_vpc.main"
          ]
        }
      ]
    },
    {
      "mode": "managed",
      "type": "aws_route_table_association",
      "name": "public",
      "provider": "provider[\"registry.terraform.io/hashicorp/aws\"]",
      "instances": [
        {
          "schema_version": 0,
          "attributes": {
            "gateway_id": "",
            "id": "rtbassoc-0f1156dd19f861fa6",
            "region": "eu-west-3",
            "route_table_id": "rtb-0f6613e873ce405be",
            "subnet_id": "subnet-0cded9e9570d7f98d",
            "timeouts": null
          },
          "sensitive_attributes": [],
          "identity_schema_version": 0,
          "private": "eyJlMmJmYjczMC1lY2FhLTExZTYtOGY4OC0zNDM2M2JjN2M0YzAiOnsiY3JlYXRlIjozMDAwMDAwMDAwMDAsImRlbGV0ZSI6MzAwMDAwMDAwMDAwLCJ1cGRhdGUiOjEyMDAwMDAwMDAwMH19",
          "dependencies": [
            "aws_internet_gateway.main",
            "aws_route_table.public",
            "aws_subnet.public",
            "aws_vpc.main"
          ]
        }
      ]
    },
    {
      "mode": "managed",
      "type": "aws_security_group",
      "name": "ec2",
      "provider": "provider[\"registry.terraform.io/hashicorp/aws\"]",
      "instances": [
        {
          "schema_version": 1,
          "attributes": {
            "arn": "arn:aws:ec2:eu-west-3:856978454440:security-group/sg-0bfe2e1a34b05e396",
            "description": "Security group for WordPress EC2",
            "egress": [
              {
                "cidr_blocks": [
                  "0.0.0.0/0"
                ],
                "description": "",
                "from_port": 0,
                "ipv6_cidr_blocks": [],
                "prefix_list_ids": [],
                "protocol": "-1",
                "security_groups": [],
                "self": false,
                "to_port": 0
              }
            ],
            "id": "sg-0bfe2e1a34b05e396",
            "ingress": [
              {
                "cidr_blocks": [
                  "0.0.0.0/0"
                ],
                "description": "HTTP",
                "from_port": 80,
                "ipv6_cidr_blocks": [],
                "prefix_list_ids": [],
                "protocol": "tcp",
                "security_groups": [],
                "self": false,
                "to_port": 80
              },
              {
                "cidr_blocks": [
                  "0.0.0.0/0"
                ],
                "description": "SSH",
                "from_port": 22,
                "ipv6_cidr_blocks": [],
                "prefix_list_ids": [],
                "protocol": "tcp",
                "security_groups": [],
                "self": false,
                "to_port": 22
              }
            ],
            "name": "wordpress-ec2-sg",
            "name_prefix": "",
            "owner_id": "856978454440",
            "region": "eu-west-3",
            "revoke_rules_on_delete": false,
            "tags": {
              "Name": "wordpress-ec2-sg"
            },
            "tags_all": {
              "Name": "wordpress-ec2-sg"
            },
            "timeouts": null,
            "vpc_id": "vpc-0b14984aa233d74ad"
          },
          "sensitive_attributes": [],
          "identity_schema_version": 0,
          "identity": {
            "account_id": "856978454440",
            "id": "sg-0bfe2e1a34b05e396",
            "region": "eu-west-3"
          },
          "private": "eyJlMmJmYjczMC1lY2FhLTExZTYtOGY4OC0zNDM2M2JjN2M0YzAiOnsiY3JlYXRlIjo2MDAwMDAwMDAwMDAsImRlbGV0ZSI6OTAwMDAwMDAwMDAwfSwic2NoZW1hX3ZlcnNpb24iOiIxIn0=",
          "dependencies": [
            "aws_vpc.main"
          ]
        }
      ]
    },
    {
      "mode": "managed",
      "type": "aws_security_group",
      "name": "rds",
      "provider": "provider[\"registry.terraform.io/hashicorp/aws\"]",
      "instances": [
        {
          "schema_version": 1,
          "attributes": {
            "arn": "arn:aws:ec2:eu-west-3:856978454440:security-group/sg-05e1c57e56c4344de",
            "description": "Security group for WordPress RDS",
            "egress": [
              {
                "cidr_blocks": [
                  "0.0.0.0/0"
                ],
                "description": "",
                "from_port": 0,
                "ipv6_cidr_blocks": [],
                "prefix_list_ids": [],
                "protocol": "-1",
                "security_groups": [],
                "self": false,
                "to_port": 0
              }
            ],
            "id": "sg-05e1c57e56c4344de",
            "ingress": [
              {
                "cidr_blocks": [],
                "description": "MySQL from EC2",
                "from_port": 3306,
                "ipv6_cidr_blocks": [],
                "prefix_list_ids": [],
                "protocol": "tcp",
                "security_groups": [
                  "sg-0bfe2e1a34b05e396"
                ],
                "self": false,
                "to_port": 3306
              }
            ],
            "name": "wordpress-rds-sg",
            "name_prefix": "",
            "owner_id": "856978454440",
            "region": "eu-west-3",
            "revoke_rules_on_delete": false,
            "tags": {
              "Name": "wordpress-rds-sg"
            },
            "tags_all": {
              "Name": "wordpress-rds-sg"
            },
            "timeouts": null,
            "vpc_id": "vpc-0b14984aa233d74ad"
          },
          "sensitive_attributes": [],
          "identity_schema_version": 0,
          "identity": {
            "account_id": "856978454440",
            "id": "sg-05e1c57e56c4344de",
            "region": "eu-west-3"
          },
          "private": "eyJlMmJmYjczMC1lY2FhLTExZTYtOGY4OC0zNDM2M2JjN2M0YzAiOnsiY3JlYXRlIjo2MDAwMDAwMDAwMDAsImRlbGV0ZSI6OTAwMDAwMDAwMDAwfSwic2NoZW1hX3ZlcnNpb24iOiIxIn0=",
          "dependencies": [
            "aws_security_group.ec2",
            "aws_vpc.main"
          ]
        }
      ]
    },
    {
      "mode": "managed",
      "type": "aws_subnet",
      "name": "private",
      "provider": "provider[\"registry.terraform.io/hashicorp/aws\"]",
      "instances": [
        {
          "schema_version": 1,
          "attributes": {
            "arn": "arn:aws:ec2:eu-west-3:856978454440:subnet/subnet-0dcccc6ea8fe8d63f",
            "assign_ipv6_address_on_creation": false,
            "availability_zone": "eu-west-3a",
            "availability_zone_id": "euw3-az1",
            "cidr_block": "10.0.2.0/24",
            "customer_owned_ipv4_pool": "",
            "enable_dns64": false,
            "enable_lni_at_device_index": 0,
            "enable_resource_name_dns_a_record_on_launch": false,
            "enable_resource_name_dns_aaaa_record_on_launch": false,
            "id": "subnet-0dcccc6ea8fe8d63f",
            "ipv6_cidr_block": "",
            "ipv6_cidr_block_association_id": "",
            "ipv6_native": false,
            "map_customer_owned_ip_on_launch": false,
            "map_public_ip_on_launch": false,
            "outpost_arn": "",
            "owner_id": "856978454440",
            "private_dns_hostname_type_on_launch": "ip-name",
            "region": "eu-west-3",
            "tags": {
              "Name": "wordpress-private-subnet"
            },
            "tags_all": {
              "Name": "wordpress-private-subnet"
            },
            "timeouts": null,
            "vpc_id": "vpc-0b14984aa233d74ad"
          },
          "sensitive_attributes": [],
          "identity_schema_version": 0,
          "identity": {
            "account_id": "856978454440",
            "id": "subnet-0dcccc6ea8fe8d63f",
            "region": "eu-west-3"
          },
          "private": "eyJlMmJmYjczMC1lY2FhLTExZTYtOGY4OC0zNDM2M2JjN2M0YzAiOnsiY3JlYXRlIjo2MDAwMDAwMDAwMDAsImRlbGV0ZSI6MTIwMDAwMDAwMDAwMH0sInNjaGVtYV92ZXJzaW9uIjoiMSJ9",
          "dependencies": [
            "aws_vpc.main"
          ]
        }
      ]
    },
    {
      "mode": "managed",
      "type": "aws_subnet",
      "name": "private_2",
      "provider": "provider[\"registry.terraform.io/hashicorp/aws\"]",
      "instances": [
        {
          "schema_version": 1,
          "attributes": {
            "arn": "arn:aws:ec2:eu-west-3:856978454440:subnet/subnet-085b77e4ad5b4619f",
            "assign_ipv6_address_on_creation": false,
            "availability_zone": "eu-west-3b",
            "availability_zone_id": "euw3-az2",
            "cidr_block": "10.0.3.0/24",
            "customer_owned_ipv4_pool": "",
            "enable_dns64": false,
            "enable_lni_at_device_index": 0,
            "enable_resource_name_dns_a_record_on_launch": false,
            "enable_resource_name_dns_aaaa_record_on_launch": false,
            "id": "subnet-085b77e4ad5b4619f",
            "ipv6_cidr_block": "",
            "ipv6_cidr_block_association_id": "",
            "ipv6_native": false,
            "map_customer_owned_ip_on_launch": false,
            "map_public_ip_on_launch": false,
            "outpost_arn": "",
            "owner_id": "856978454440",
            "private_dns_hostname_type_on_launch": "ip-name",
            "region": "eu-west-3",
            "tags": {
              "Name": "wordpress-private-subnet-2"
            },
            "tags_all": {
              "Name": "wordpress-private-subnet-2"
            },
            "timeouts": null,
            "vpc_id": "vpc-0b14984aa233d74ad"
          },
          "sensitive_attributes": [],
          "identity_schema_version": 0,
          "identity": {
            "account_id": "856978454440",
            "id": "subnet-085b77e4ad5b4619f",
            "region": "eu-west-3"
          },
          "private": "eyJlMmJmYjczMC1lY2FhLTExZTYtOGY4OC0zNDM2M2JjN2M0YzAiOnsiY3JlYXRlIjo2MDAwMDAwMDAwMDAsImRlbGV0ZSI6MTIwMDAwMDAwMDAwMH0sInNjaGVtYV92ZXJzaW9uIjoiMSJ9",
          "dependencies": [
            "aws_vpc.main"
          ]
        }
      ]
    },
    {
      "mode": "managed",
      "type": "aws_subnet",
      "name": "public",
      "provider": "provider[\"registry.terraform.io/hashicorp/aws\"]",
      "instances": [
        {
          "schema_version": 1,
          "attributes": {
            "arn": "arn:aws:ec2:eu-west-3:856978454440:subnet/subnet-0cded9e9570d7f98d",
            "assign_ipv6_address_on_creation": false,
            "availability_zone": "eu-west-3a",
            "availability_zone_id": "euw3-az1",
            "cidr_block": "10.0.1.0/24",
            "customer_owned_ipv4_pool": "",
            "enable_dns64": false,
            "enable_lni_at_device_index": 0,
            "enable_resource_name_dns_a_record_on_launch": false,
            "enable_resource_name_dns_aaaa_record_on_launch": false,
            "id": "subnet-0cded9e9570d7f98d",
            "ipv6_cidr_block": "",
            "ipv6_cidr_block_association_id": "",
            "ipv6_native": false,
            "map_customer_owned_ip_on_launch": false,
            "map_public_ip_on_launch": true,
            "outpost_arn": "",
            "owner_id": "856978454440",
            "private_dns_hostname_type_on_launch": "ip-name",
            "region": "eu-west-3",
            "tags": {
              "Name": "wordpress-public-subnet"
            },
            "tags_all": {
              "Name": "wordpress-public-subnet"
            },
            "timeouts": null,
            "vpc_id": "vpc-0b14984aa233d74ad"
          },
          "sensitive_attributes": [],
          "identity_schema_version": 0,
          "identity": {
            "account_id": "856978454440",
            "id": "subnet-0cded9e9570d7f98d",
            "region": "eu-west-3"
          },
          "private": "eyJlMmJmYjczMC1lY2FhLTExZTYtOGY4OC0zNDM2M2JjN2M0YzAiOnsiY3JlYXRlIjo2MDAwMDAwMDAwMDAsImRlbGV0ZSI6MTIwMDAwMDAwMDAwMH0sInNjaGVtYV92ZXJzaW9uIjoiMSJ9",
          "dependencies": [
            "aws_vpc.main"
          ]
        }
      ]
    },
    {
      "mode": "managed",
      "type": "aws_vpc",
      "name": "main",
      "provider": "provider[\"registry.terraform.io/hashicorp/aws\"]",
      "instances": [
        {
          "schema_version": 1,
          "attributes": {
            "arn": "arn:aws:ec2:eu-west-3:856978454440:vpc/vpc-0b14984aa233d74ad",
            "assign_generated_ipv6_cidr_block": false,
            "cidr_block": "10.0.0.0/16",
            "default_network_acl_id": "acl-08bba110fb137b14c",
            "default_route_table_id": "rtb-06452cfb7c7ad520e",
            "default_security_group_id": "sg-0b735a8e12865ad4d",
            "dhcp_options_id": "dopt-0aa6d99e984e97fe9",
            "enable_dns_hostnames": true,
            "enable_dns_support": true,
            "enable_network_address_usage_metrics": false,
            "id": "vpc-0b14984aa233d74ad",
            "instance_tenancy": "default",
            "ipv4_ipam_pool_id": null,
            "ipv4_netmask_length": null,
            "ipv6_association_id": "",
            "ipv6_cidr_block": "",
            "ipv6_cidr_block_network_border_group": "",
            "ipv6_ipam_pool_id": "",
            "ipv6_netmask_length": 0,
            "main_route_table_id": "rtb-06452cfb7c7ad520e",
            "owner_id": "856978454440",
            "region": "eu-west-3",
            "tags": {
              "Name": "wordpress-vpc"
            },
            "tags_all": {
              "Name": "wordpress-vpc"
            }
          },
          "sensitive_attributes": [],
          "identity_schema_version": 0,
          "identity": {
            "account_id": "856978454440",
            "id": "vpc-0b14984aa233d74ad",
            "region": "eu-west-3"
          },
          "private": "eyJzY2hlbWFfdmVyc2lvbiI6IjEifQ=="
        }
      ]
    }
  ],
  "check_results": null
}
